
Microsoft Visual Studio Solution File, Format Version 12.00
# Visual Studio Version 17
VisualStudioVersion = 17.3.32819.101
MinimumVisualStudioVersion = 10.0.40219.1
Project("{FAE04EC0-301F-11D3-BF4B-00C04F79EFBC}") = "LinkedListProblem", "LinkedListProblem\LinkedListProblem.csproj", "{4F34E11C-2F0B-4A69-B14A-DE05FCE9E3AD}"
EndProject
Global
	GlobalSection(SolutionConfigurationPlatforms) = preSolution
		Debug|Any CPU = Debug|Any CPU
		Release|Any CPU = Release|Any CPU
	EndGlobalSection
	GlobalSection(ProjectConfigurationPlatforms) = postSolution
		{4F34E11C-2F0B-4A69-B14A-DE05FCE9E3AD}.Debug|Any CPU.ActiveCfg = Debug|Any CPU
		{4F34E11C-2F0B-4A69-B14A-DE05FCE9E3AD}.Debug|Any CPU.Build.0 = Debug|Any CPU
		{4F34E11C-2F0B-4A69-B14A-DE05FCE9E3AD}.Release|Any CPU.ActiveCfg = Release|Any CPU
		{4F34E11C-2F0B-4A69-B14A-DE05FCE9E3AD}.Release|Any CPU.Build.0 = Release|Any CPU
	EndGlobalSection
	GlobalSection(SolutionProperties) = preSolution
		HideSolutionNode = FALSE
	EndGlobalSection
	GlobalSection(ExtensibilityGlobals) = postSolution
		SolutionGuid = {4FE8B755-A004-4873-B67A-49F3F4645791}
	EndGlobalSection
EndGlobal
